
Microsoft Visual Studio Solution File, Format Version 12.00
# Visual Studio Version 16
VisualStudioVersion = 16.0.28803.452
MinimumVisualStudioVersion = 10.0.40219.1
Project("{FAE04EC0-301F-11D3-BF4B-00C04F79EFBC}") = "ConsignmentShopUI", "ConsignmentShopUI\ConsignmentShopUI.csproj", "{C6535B9D-0482-4888-8955-502008480227}"
EndProject
Project("{FAE04EC0-301F-11D3-BF4B-00C04F79EFBC}") = "ConsignmentShopLibrary", "ConsignmentShopLibrary\ConsignmentShopLibrary.csproj", "{7CDE8C1F-232A-468A-9820-630BFF8C60BB}"
EndProject
Global
	GlobalSection(SolutionConfigurationPlatforms) = preSolution
		Debug|Any CPU = Debug|Any CPU
		Release|Any CPU = Release|Any CPU
	EndGlobalSection
	GlobalSection(ProjectConfigurationPlatforms) = postSolution
		{C6535B9D-0482-4888-8955-502008480227}.Debug|Any CPU.ActiveCfg = Debug|Any CPU
		{C6535B9D-0482-4888-8955-502008480227}.Debug|Any CPU.Build.0 = Debug|Any CPU
		{C6535B9D-0482-4888-8955-502008480227}.Release|Any CPU.ActiveCfg = Release|Any CPU
		{C6535B9D-0482-4888-8955-502008480227}.Release|Any CPU.Build.0 = Release|Any CPU
		{7CDE8C1F-232A-468A-9820-630BFF8C60BB}.Debug|Any CPU.ActiveCfg = Debug|Any CPU
		{7CDE8C1F-232A-468A-9820-630BFF8C60BB}.Debug|Any CPU.Build.0 = Debug|Any CPU
		{7CDE8C1F-232A-468A-9820-630BFF8C60BB}.Release|Any CPU.ActiveCfg = Release|Any CPU
		{7CDE8C1F-232A-468A-9820-630BFF8C60BB}.Release|Any CPU.Build.0 = Release|Any CPU
	EndGlobalSection
	GlobalSection(SolutionProperties) = preSolution
		HideSolutionNode = FALSE
	EndGlobalSection
	GlobalSection(ExtensibilityGlobals) = postSolution
		SolutionGuid = {853A6967-8BF0-4DD3-BA23-074041C591FE}
	EndGlobalSection
EndGlobal
